
Microsoft Visual Studio Solution File, Format Version 12.00
# Visual Studio Version 17
VisualStudioVersion = 17.0.32112.339
MinimumVisualStudioVersion = 10.0.40219.1
Project("{FAE04EC0-301F-11D3-BF4B-00C04F79EFBC}") = "Calculadora_POO", "Calculadora_propiedades\Calculadora_POO.csproj", "{69ADE600-C7B6-486E-B1CE-B6189EFF3A39}"
EndProject
Global
	GlobalSection(SolutionConfigurationPlatforms) = preSolution
		Debug|Any CPU = Debug|Any CPU
		Release|Any CPU = Release|Any CPU
	EndGlobalSection
	GlobalSection(ProjectConfigurationPlatforms) = postSolution
		{69ADE600-C7B6-486E-B1CE-B6189EFF3A39}.Debug|Any CPU.ActiveCfg = Debug|Any CPU
		{69ADE600-C7B6-486E-B1CE-B6189EFF3A39}.Debug|Any CPU.Build.0 = Debug|Any CPU
		{69ADE600-C7B6-486E-B1CE-B6189EFF3A39}.Release|Any CPU.ActiveCfg = Release|Any CPU
		{69ADE600-C7B6-486E-B1CE-B6189EFF3A39}.Release|Any CPU.Build.0 = Release|Any CPU
	EndGlobalSection
	GlobalSection(SolutionProperties) = preSolution
		HideSolutionNode = FALSE
	EndGlobalSection
	GlobalSection(ExtensibilityGlobals) = postSolution
		SolutionGuid = {7318C9C4-AE7D-4EDB-A487-E4B060A17864}
	EndGlobalSection
EndGlobal
